
Microsoft Visual Studio Solution File, Format Version 12.00
# Visual Studio Version 16
VisualStudioVersion = 16.0.31402.337
MinimumVisualStudioVersion = 10.0.40219.1
Project("{9A19103F-16F7-4668-BE54-9A1E7A4F7556}") = "BancoTDD.Dominio.Test", "BancoTDD.Dominio.Test\BancoTDD.Dominio.Test.csproj", "{0C16685A-C655-4BB9-90DE-466A10FB078F}"
EndProject
Project("{9A19103F-16F7-4668-BE54-9A1E7A4F7556}") = "BancoTDD.Dominio", "BancoTDD.Dominio\BancoTDD.Dominio.csproj", "{6D4B1EBD-623B-4EE6-9F3E-7047384A8C7D}"
EndProject
Project("{FAE04EC0-301F-11D3-BF4B-00C04F79EFBC}") = "BancoTDD.Aplication", "BancoTDD.Aplication\BancoTDD.Aplication.csproj", "{EAAC3572-6A26-4182-8E2F-E495AE678BC0}"
EndProject
Project("{FAE04EC0-301F-11D3-BF4B-00C04F79EFBC}") = "BancoTDD.Infraestrutura", "BancoTDD.Infraestrutura\BancoTDD.Infraestrutura.csproj", "{AD612E5C-7664-4261-B64E-BDF47E098EB1}"
EndProject
Project("{FAE04EC0-301F-11D3-BF4B-00C04F79EFBC}") = "BancoTDD.WebApi", "BancoTDD.WebApi\BancoTDD.WebApi.csproj", "{264379E9-36ED-4CD0-A4E3-E4C64DC3CBDA}"
EndProject
Global
	GlobalSection(SolutionConfigurationPlatforms) = preSolution
		Debug|Any CPU = Debug|Any CPU
		Release|Any CPU = Release|Any CPU
	EndGlobalSection
	GlobalSection(ProjectConfigurationPlatforms) = postSolution
		{0C16685A-C655-4BB9-90DE-466A10FB078F}.Debug|Any CPU.ActiveCfg = Debug|Any CPU
		{0C16685A-C655-4BB9-90DE-466A10FB078F}.Debug|Any CPU.Build.0 = Debug|Any CPU
		{0C16685A-C655-4BB9-90DE-466A10FB078F}.Release|Any CPU.ActiveCfg = Release|Any CPU
		{0C16685A-C655-4BB9-90DE-466A10FB078F}.Release|Any CPU.Build.0 = Release|Any CPU
		{6D4B1EBD-623B-4EE6-9F3E-7047384A8C7D}.Debug|Any CPU.ActiveCfg = Debug|Any CPU
		{6D4B1EBD-623B-4EE6-9F3E-7047384A8C7D}.Debug|Any CPU.Build.0 = Debug|Any CPU
		{6D4B1EBD-623B-4EE6-9F3E-7047384A8C7D}.Release|Any CPU.ActiveCfg = Release|Any CPU
		{6D4B1EBD-623B-4EE6-9F3E-7047384A8C7D}.Release|Any CPU.Build.0 = Release|Any CPU
		{EAAC3572-6A26-4182-8E2F-E495AE678BC0}.Debug|Any CPU.ActiveCfg = Debug|Any CPU
		{EAAC3572-6A26-4182-8E2F-E495AE678BC0}.Debug|Any CPU.Build.0 = Debug|Any CPU
		{EAAC3572-6A26-4182-8E2F-E495AE678BC0}.Release|Any CPU.ActiveCfg = Release|Any CPU
		{EAAC3572-6A26-4182-8E2F-E495AE678BC0}.Release|Any CPU.Build.0 = Release|Any CPU
		{AD612E5C-7664-4261-B64E-BDF47E098EB1}.Debug|Any CPU.ActiveCfg = Debug|Any CPU
		{AD612E5C-7664-4261-B64E-BDF47E098EB1}.Debug|Any CPU.Build.0 = Debug|Any CPU
		{AD612E5C-7664-4261-B64E-BDF47E098EB1}.Release|Any CPU.ActiveCfg = Release|Any CPU
		{AD612E5C-7664-4261-B64E-BDF47E098EB1}.Release|Any CPU.Build.0 = Release|Any CPU
		{264379E9-36ED-4CD0-A4E3-E4C64DC3CBDA}.Debug|Any CPU.ActiveCfg = Debug|Any CPU
		{264379E9-36ED-4CD0-A4E3-E4C64DC3CBDA}.Debug|Any CPU.Build.0 = Debug|Any CPU
		{264379E9-36ED-4CD0-A4E3-E4C64DC3CBDA}.Release|Any CPU.ActiveCfg = Release|Any CPU
		{264379E9-36ED-4CD0-A4E3-E4C64DC3CBDA}.Release|Any CPU.Build.0 = Release|Any CPU
	EndGlobalSection
	GlobalSection(SolutionProperties) = preSolution
		HideSolutionNode = FALSE
	EndGlobalSection
	GlobalSection(ExtensibilityGlobals) = postSolution
		SolutionGuid = {1518DF81-3B19-40A3-9896-A353D63DE924}
	EndGlobalSection
EndGlobal
